
Microsoft Visual Studio Solution File, Format Version 12.00
# Visual Studio 2012
Project("{FAE04EC0-301F-11D3-BF4B-00C04F79EFBC}") = "KioskApplication", "KioskApplication\KioskApplication.csproj", "{84A61881-5DEB-49E3-BA1C-7C43587FB67F}"
EndProject
Global
	GlobalSection(SolutionConfigurationPlatforms) = preSolution
		Debug|Any CPU = Debug|Any CPU
		Release|Any CPU = Release|Any CPU
	EndGlobalSection
	GlobalSection(ProjectConfigurationPlatforms) = postSolution
		{84A61881-5DEB-49E3-BA1C-7C43587FB67F}.Debug|Any CPU.ActiveCfg = Debug|Any CPU
		{84A61881-5DEB-49E3-BA1C-7C43587FB67F}.Debug|Any CPU.Build.0 = Debug|Any CPU
		{84A61881-5DEB-49E3-BA1C-7C43587FB67F}.Release|Any CPU.ActiveCfg = Release|Any CPU
		{84A61881-5DEB-49E3-BA1C-7C43587FB67F}.Release|Any CPU.Build.0 = Release|Any CPU
	EndGlobalSection
	GlobalSection(SolutionProperties) = preSolution
		HideSolutionNode = FALSE
	EndGlobalSection
EndGlobal
